
Microsoft Visual Studio Solution File, Format Version 12.00
# Visual Studio 15
VisualStudioVersion = 15.0.34031.82
MinimumVisualStudioVersion = 10.0.40219.1
Project("{8BC9CEB8-8B4A-11D0-8D11-00A0C91BC942}") = "P05", "P05\P05.vcxproj", "{CC8C7102-5377-4F22-A4BF-F07D95A1659B}"
EndProject
Global
	GlobalSection(SolutionConfigurationPlatforms) = preSolution
		Debug|x64 = Debug|x64
		Debug|x86 = Debug|x86
		Release|x64 = Release|x64
		Release|x86 = Release|x86
	EndGlobalSection
	GlobalSection(ProjectConfigurationPlatforms) = postSolution
		{CC8C7102-5377-4F22-A4BF-F07D95A1659B}.Debug|x64.ActiveCfg = Debug|x64
		{CC8C7102-5377-4F22-A4BF-F07D95A1659B}.Debug|x64.Build.0 = Debug|x64
		{CC8C7102-5377-4F22-A4BF-F07D95A1659B}.Debug|x86.ActiveCfg = Debug|Win32
		{CC8C7102-5377-4F22-A4BF-F07D95A1659B}.Debug|x86.Build.0 = Debug|Win32
		{CC8C7102-5377-4F22-A4BF-F07D95A1659B}.Release|x64.ActiveCfg = Release|x64
		{CC8C7102-5377-4F22-A4BF-F07D95A1659B}.Release|x64.Build.0 = Release|x64
		{CC8C7102-5377-4F22-A4BF-F07D95A1659B}.Release|x86.ActiveCfg = Release|Win32
		{CC8C7102-5377-4F22-A4BF-F07D95A1659B}.Release|x86.Build.0 = Release|Win32
	EndGlobalSection
	GlobalSection(SolutionProperties) = preSolution
		HideSolutionNode = FALSE
	EndGlobalSection
	GlobalSection(ExtensibilityGlobals) = postSolution
		SolutionGuid = {F69DE4F6-27F2-4D00-A49E-2E388DC84818}
	EndGlobalSection
EndGlobal
